
Microsoft Visual Studio Solution File, Format Version 12.00
# Visual Studio 15
VisualStudioVersion = 15.0.28010.2041
MinimumVisualStudioVersion = 10.0.40219.1
Project("{FAE04EC0-301F-11D3-BF4B-00C04F79EFBC}") = "01-Defining-Classes-Part 1", "01-Defining-Classes-Part 1\01-Defining-Classes-Part 1.csproj", "{F2FCA06D-8406-4471-8EDE-5BA599CF001F}"
EndProject
Global
	GlobalSection(SolutionConfigurationPlatforms) = preSolution
		Debug|Any CPU = Debug|Any CPU
		Release|Any CPU = Release|Any CPU
	EndGlobalSection
	GlobalSection(ProjectConfigurationPlatforms) = postSolution
		{F2FCA06D-8406-4471-8EDE-5BA599CF001F}.Debug|Any CPU.ActiveCfg = Debug|Any CPU
		{F2FCA06D-8406-4471-8EDE-5BA599CF001F}.Debug|Any CPU.Build.0 = Debug|Any CPU
		{F2FCA06D-8406-4471-8EDE-5BA599CF001F}.Release|Any CPU.ActiveCfg = Release|Any CPU
		{F2FCA06D-8406-4471-8EDE-5BA599CF001F}.Release|Any CPU.Build.0 = Release|Any CPU
	EndGlobalSection
	GlobalSection(SolutionProperties) = preSolution
		HideSolutionNode = FALSE
	EndGlobalSection
	GlobalSection(ExtensibilityGlobals) = postSolution
		SolutionGuid = {1680F6CD-D9A4-400C-9648-18DC86F04694}
	EndGlobalSection
EndGlobal
